
Microsoft Visual Studio Solution File, Format Version 12.00
# Visual Studio Version 17
VisualStudioVersion = 17.4.33205.214
MinimumVisualStudioVersion = 10.0.40219.1
Project("{FAE04EC0-301F-11D3-BF4B-00C04F79EFBC}") = "easy-geometry", "easy-geometry.csproj", "{A7A952BA-6655-43C5-A22B-538E1826BC54}"
EndProject
Global
	GlobalSection(SolutionConfigurationPlatforms) = preSolution
		Debug|Any CPU = Debug|Any CPU
		Release|Any CPU = Release|Any CPU
	EndGlobalSection
	GlobalSection(ProjectConfigurationPlatforms) = postSolution
		{A7A952BA-6655-43C5-A22B-538E1826BC54}.Debug|Any CPU.ActiveCfg = Debug|Any CPU
		{A7A952BA-6655-43C5-A22B-538E1826BC54}.Debug|Any CPU.Build.0 = Debug|Any CPU
		{A7A952BA-6655-43C5-A22B-538E1826BC54}.Release|Any CPU.ActiveCfg = Release|Any CPU
		{A7A952BA-6655-43C5-A22B-538E1826BC54}.Release|Any CPU.Build.0 = Release|Any CPU
	EndGlobalSection
	GlobalSection(SolutionProperties) = preSolution
		HideSolutionNode = FALSE
	EndGlobalSection
	GlobalSection(ExtensibilityGlobals) = postSolution
		SolutionGuid = {3D3F8BAB-F92B-44FB-ACC5-2224D24DBC68}
	EndGlobalSection
EndGlobal
